
Microsoft Visual Studio Solution File, Format Version 12.00
# Visual Studio Version 17
VisualStudioVersion = 17.8.34511.84
MinimumVisualStudioVersion = 10.0.40219.1
Project("{FAE04EC0-301F-11D3-BF4B-00C04F79EFBC}") = "SignalRChatMvcApp", "SignalRChatMvcApp\SignalRChatMvcApp.csproj", "{E7357CBF-A508-4305-B0A2-DEBEF06A101A}"
EndProject
Global
	GlobalSection(SolutionConfigurationPlatforms) = preSolution
		Debug|Any CPU = Debug|Any CPU
		Release|Any CPU = Release|Any CPU
	EndGlobalSection
	GlobalSection(ProjectConfigurationPlatforms) = postSolution
		{E7357CBF-A508-4305-B0A2-DEBEF06A101A}.Debug|Any CPU.ActiveCfg = Debug|Any CPU
		{E7357CBF-A508-4305-B0A2-DEBEF06A101A}.Debug|Any CPU.Build.0 = Debug|Any CPU
		{E7357CBF-A508-4305-B0A2-DEBEF06A101A}.Release|Any CPU.ActiveCfg = Release|Any CPU
		{E7357CBF-A508-4305-B0A2-DEBEF06A101A}.Release|Any CPU.Build.0 = Release|Any CPU
	EndGlobalSection
	GlobalSection(SolutionProperties) = preSolution
		HideSolutionNode = FALSE
	EndGlobalSection
	GlobalSection(ExtensibilityGlobals) = postSolution
		SolutionGuid = {36E6DEC9-E69C-4B54-BFF1-24A03D72745C}
	EndGlobalSection
EndGlobal
